// !$*UTF8*$!
{
	archiveVersion = 1;
	classes = {
	};
	objectVersion = 51;
	objects = {

/* Begin PBXBuildFile section */
		51FEA0852410A91400DDC0E4 /* User+Convenience.swift in Sources */ = {isa = PBXBuildFile; fileRef = 51FEA0842410A91400DDC0E4 /* User+Convenience.swift */; };
		51FEA0872410AA7800DDC0E4 /* Trip+Convenience.swift in Sources */ = {isa = PBXBuildFile; fileRef = 51FEA0862410AA7800DDC0E4 /* Trip+Convenience.swift */; };
		51FEA0892410ACDE00DDC0E4 /* UserRepresentation.swift in Sources */ = {isa = PBXBuildFile; fileRef = 51FEA0882410ACDE00DDC0E4 /* UserRepresentation.swift */; };
		51FEA08B2410B5A200DDC0E4 /* TripRepresentation.swift in Sources */ = {isa = PBXBuildFile; fileRef = 51FEA08A2410B5A200DDC0E4 /* TripRepresentation.swift */; };
		9243C17F240CACE400EC3D10 /* FlightController.swift in Sources */ = {isa = PBXBuildFile; fileRef = 9243C17E240CACE400EC3D10 /* FlightController.swift */; };
		9243C181240CBE5400EC3D10 /* AirportAPIResponse.swift in Sources */ = {isa = PBXBuildFile; fileRef = 9243C180240CBE5400EC3D10 /* AirportAPIResponse.swift */; };
		9282E61B2408C58100FCC978 /* TravelerController.swift in Sources */ = {isa = PBXBuildFile; fileRef = 9282E61A2408C58100FCC978 /* TravelerController.swift */; };
		9282E623240A058900FCC978 /* KidsFlyUnitTest.swift in Sources */ = {isa = PBXBuildFile; fileRef = 9282E622240A058900FCC978 /* KidsFlyUnitTest.swift */; };
		9282E62B240A1A0300FCC978 /* Bearer.swift in Sources */ = {isa = PBXBuildFile; fileRef = 9282E62A240A1A0300FCC978 /* Bearer.swift */; };
		9282E62D240B127C00FCC978 /* NetworkError.swift in Sources */ = {isa = PBXBuildFile; fileRef = 9282E62C240B127C00FCC978 /* NetworkError.swift */; };
		9282E62F240B129F00FCC978 /* HTTPMethod.swift in Sources */ = {isa = PBXBuildFile; fileRef = 9282E62E240B129F00FCC978 /* HTTPMethod.swift */; };
		92D588FC240F5AFA003E69A9 /* TripController.swift in Sources */ = {isa = PBXBuildFile; fileRef = 92D588FB240F5AFA003E69A9 /* TripController.swift */; };
		B78BC00B240F178D0080E765 /* CoreDataStack.swift in Sources */ = {isa = PBXBuildFile; fileRef = B78BC00A240F178D0080E765 /* CoreDataStack.swift */; };
		B78BC00E240F17A80080E765 /* KidsFly.xcdatamodeld in Sources */ = {isa = PBXBuildFile; fileRef = B78BC00C240F17A80080E765 /* KidsFly.xcdatamodeld */; };
		B78BC010240F1E070080E765 /* Parent+Convenience.swift in Sources */ = {isa = PBXBuildFile; fileRef = B78BC00F240F1E070080E765 /* Parent+Convenience.swift */; };
		B78BC012240F1E2B0080E765 /* Connection+Convenience.swift in Sources */ = {isa = PBXBuildFile; fileRef = B78BC011240F1E2B0080E765 /* Connection+Convenience.swift */; };
		B78BC014240F21E70080E765 /* ParentRepresentation.swift in Sources */ = {isa = PBXBuildFile; fileRef = B78BC013240F21E70080E765 /* ParentRepresentation.swift */; };
		B78BC016240F23370080E765 /* ConnectionRepresentation.swift in Sources */ = {isa = PBXBuildFile; fileRef = B78BC015240F23370080E765 /* ConnectionRepresentation.swift */; };
		D65ABFE41958DFB15C2D1E0F /* Pods_KidsFly.framework in Frameworks */ = {isa = PBXBuildFile; fileRef = 447F16C060742B2B03488C8B /* Pods_KidsFly.framework */; };
		E60B164C2408AFCA002193AD /* AppDelegate.swift in Sources */ = {isa = PBXBuildFile; fileRef = E60B164B2408AFCA002193AD /* AppDelegate.swift */; };
		E60B164E2408AFCA002193AD /* SceneDelegate.swift in Sources */ = {isa = PBXBuildFile; fileRef = E60B164D2408AFCA002193AD /* SceneDelegate.swift */; };
		E60B16502408AFCA002193AD /* HomeViewController.swift in Sources */ = {isa = PBXBuildFile; fileRef = E60B164F2408AFCA002193AD /* HomeViewController.swift */; };
		E60B16532408AFCA002193AD /* Main.storyboard in Resources */ = {isa = PBXBuildFile; fileRef = E60B16512408AFCA002193AD /* Main.storyboard */; };
		E60B16552408AFCB002193AD /* Assets.xcassets in Resources */ = {isa = PBXBuildFile; fileRef = E60B16542408AFCB002193AD /* Assets.xcassets */; };
		E60B16582408AFCB002193AD /* LaunchScreen.storyboard in Resources */ = {isa = PBXBuildFile; fileRef = E60B16562408AFCB002193AD /* LaunchScreen.storyboard */; };
		E60B16662408B18E002193AD /* Utilities.swift in Sources */ = {isa = PBXBuildFile; fileRef = E60B16652408B18E002193AD /* Utilities.swift */; };
		E60B16682408B1AA002193AD /* NetworkDataLoader.swift in Sources */ = {isa = PBXBuildFile; fileRef = E60B16672408B1AA002193AD /* NetworkDataLoader.swift */; };
		E60B166A2408B1C6002193AD /* KFErrorMessage.swift in Sources */ = {isa = PBXBuildFile; fileRef = E60B16692408B1C6002193AD /* KFErrorMessage.swift */; };
		E60B166D2408B4AA002193AD /* KFAlertVC.swift in Sources */ = {isa = PBXBuildFile; fileRef = E60B166C2408B4AA002193AD /* KFAlertVC.swift */; };
		E60B166F2408B4B9002193AD /* KFButton.swift in Sources */ = {isa = PBXBuildFile; fileRef = E60B166E2408B4B9002193AD /* KFButton.swift */; };
		E60B16712408B4C9002193AD /* KFTitleLabel.swift in Sources */ = {isa = PBXBuildFile; fileRef = E60B16702408B4C9002193AD /* KFTitleLabel.swift */; };
		E60B16732408B4DC002193AD /* KFBodyLabel.swift in Sources */ = {isa = PBXBuildFile; fileRef = E60B16722408B4DC002193AD /* KFBodyLabel.swift */; };
		E60B16752408B5EC002193AD /* APIController.swift in Sources */ = {isa = PBXBuildFile; fileRef = E60B16742408B5EC002193AD /* APIController.swift */; };
		E60B16782408B6D1002193AD /* UIViewControllerExtention.swift in Sources */ = {isa = PBXBuildFile; fileRef = E60B16772408B6D1002193AD /* UIViewControllerExtention.swift */; };
		E60B167C2408C190002193AD /* SignUpViewController.swift in Sources */ = {isa = PBXBuildFile; fileRef = E60B167B2408C190002193AD /* SignUpViewController.swift */; };
		E60B167E2408C1B0002193AD /* SignInViewController.swift in Sources */ = {isa = PBXBuildFile; fileRef = E60B167D2408C1B0002193AD /* SignInViewController.swift */; };
		E678B7F0240E009800C43394 /* UIImage+Gif.swift in Sources */ = {isa = PBXBuildFile; fileRef = E678B7EF240E009800C43394 /* UIImage+Gif.swift */; };
		E678B7F2240E023000C43394 /* giphy.gif in Resources */ = {isa = PBXBuildFile; fileRef = E678B7F1240E023000C43394 /* giphy.gif */; };
		E678B7F4240E072300C43394 /* PrivateKidsFlyViewController.swift in Sources */ = {isa = PBXBuildFile; fileRef = E678B7F3240E072300C43394 /* PrivateKidsFlyViewController.swift */; };
		E6B1A9042410528700EC3BDD /* QuickCheckInViewController.swift in Sources */ = {isa = PBXBuildFile; fileRef = E6B1A9032410528700EC3BDD /* QuickCheckInViewController.swift */; };
/* End PBXBuildFile section */

/* Begin PBXContainerItemProxy section */
		9282E625240A058900FCC978 /* PBXContainerItemProxy */ = {
			isa = PBXContainerItemProxy;
			containerPortal = E60B16402408AFCA002193AD /* Project object */;
			proxyType = 1;
			remoteGlobalIDString = E60B16472408AFCA002193AD;
			remoteInfo = KidsFly;
		};
/* End PBXContainerItemProxy section */

/* Begin PBXFileReference section */
		447F16C060742B2B03488C8B /* Pods_KidsFly.framework */ = {isa = PBXFileReference; explicitFileType = wrapper.framework; includeInIndex = 0; path = Pods_KidsFly.framework; sourceTree = BUILT_PRODUCTS_DIR; };
		51FEA0842410A91400DDC0E4 /* User+Convenience.swift */ = {isa = PBXFileReference; lastKnownFileType = sourcecode.swift; path = "User+Convenience.swift"; sourceTree = "<group>"; };
		51FEA0862410AA7800DDC0E4 /* Trip+Convenience.swift */ = {isa = PBXFileReference; lastKnownFileType = sourcecode.swift; path = "Trip+Convenience.swift"; sourceTree = "<group>"; };
		51FEA0882410ACDE00DDC0E4 /* UserRepresentation.swift */ = {isa = PBXFileReference; lastKnownFileType = sourcecode.swift; path = UserRepresentation.swift; sourceTree = "<group>"; };
		51FEA08A2410B5A200DDC0E4 /* TripRepresentation.swift */ = {isa = PBXFileReference; lastKnownFileType = sourcecode.swift; path = TripRepresentation.swift; sourceTree = "<group>"; };
		8A548DB826006A11BFA8B2AB /* Pods-KidsFly.release.xcconfig */ = {isa = PBXFileReference; includeInIndex = 1; lastKnownFileType = text.xcconfig; name = "Pods-KidsFly.release.xcconfig"; path = "Target Support Files/Pods-KidsFly/Pods-KidsFly.release.xcconfig"; sourceTree = "<group>"; };
		9243C17E240CACE400EC3D10 /* FlightController.swift */ = {isa = PBXFileReference; lastKnownFileType = sourcecode.swift; path = FlightController.swift; sourceTree = "<group>"; };
		9243C180240CBE5400EC3D10 /* AirportAPIResponse.swift */ = {isa = PBXFileReference; lastKnownFileType = sourcecode.swift; name = AirportAPIResponse.swift; path = "KidsFly/Model Controllers/AirportAPIResponse.swift"; sourceTree = SOURCE_ROOT; };
		9282E61A2408C58100FCC978 /* TravelerController.swift */ = {isa = PBXFileReference; lastKnownFileType = sourcecode.swift; path = TravelerController.swift; sourceTree = "<group>"; };
		9282E620240A058900FCC978 /* KidsFlyUnitTest.xctest */ = {isa = PBXFileReference; explicitFileType = wrapper.cfbundle; includeInIndex = 0; path = KidsFlyUnitTest.xctest; sourceTree = BUILT_PRODUCTS_DIR; };
		9282E622240A058900FCC978 /* KidsFlyUnitTest.swift */ = {isa = PBXFileReference; lastKnownFileType = sourcecode.swift; path = KidsFlyUnitTest.swift; sourceTree = "<group>"; };
		9282E624240A058900FCC978 /* Info.plist */ = {isa = PBXFileReference; lastKnownFileType = text.plist.xml; path = Info.plist; sourceTree = "<group>"; };
		9282E62A240A1A0300FCC978 /* Bearer.swift */ = {isa = PBXFileReference; lastKnownFileType = sourcecode.swift; name = Bearer.swift; path = "KidsFly/Model Controllers/Bearer.swift"; sourceTree = SOURCE_ROOT; };
		9282E62C240B127C00FCC978 /* NetworkError.swift */ = {isa = PBXFileReference; lastKnownFileType = sourcecode.swift; name = NetworkError.swift; path = "KidsFly/Model Controllers/NetworkError.swift"; sourceTree = SOURCE_ROOT; };
		9282E62E240B129F00FCC978 /* HTTPMethod.swift */ = {isa = PBXFileReference; lastKnownFileType = sourcecode.swift; name = HTTPMethod.swift; path = "KidsFly/Model Controllers/HTTPMethod.swift"; sourceTree = SOURCE_ROOT; };
		92D588FB240F5AFA003E69A9 /* TripController.swift */ = {isa = PBXFileReference; lastKnownFileType = sourcecode.swift; path = TripController.swift; sourceTree = "<group>"; };
		A57DBEF0962E3C76FDCA991F /* Pods-KidsFly.debug.xcconfig */ = {isa = PBXFileReference; includeInIndex = 1; lastKnownFileType = text.xcconfig; name = "Pods-KidsFly.debug.xcconfig"; path = "Target Support Files/Pods-KidsFly/Pods-KidsFly.debug.xcconfig"; sourceTree = "<group>"; };
		B78BC00A240F178D0080E765 /* CoreDataStack.swift */ = {isa = PBXFileReference; lastKnownFileType = sourcecode.swift; path = CoreDataStack.swift; sourceTree = "<group>"; };
		B78BC00D240F17A80080E765 /* KidsFly.xcdatamodel */ = {isa = PBXFileReference; lastKnownFileType = wrapper.xcdatamodel; path = KidsFly.xcdatamodel; sourceTree = "<group>"; };
		B78BC00F240F1E070080E765 /* Parent+Convenience.swift */ = {isa = PBXFileReference; lastKnownFileType = sourcecode.swift; path = "Parent+Convenience.swift"; sourceTree = "<group>"; };
		B78BC011240F1E2B0080E765 /* Connection+Convenience.swift */ = {isa = PBXFileReference; lastKnownFileType = sourcecode.swift; path = "Connection+Convenience.swift"; sourceTree = "<group>"; };
		B78BC013240F21E70080E765 /* ParentRepresentation.swift */ = {isa = PBXFileReference; lastKnownFileType = sourcecode.swift; path = ParentRepresentation.swift; sourceTree = "<group>"; };
		B78BC015240F23370080E765 /* ConnectionRepresentation.swift */ = {isa = PBXFileReference; lastKnownFileType = sourcecode.swift; path = ConnectionRepresentation.swift; sourceTree = "<group>"; };
		E60B16482408AFCA002193AD /* KidsFly.app */ = {isa = PBXFileReference; explicitFileType = wrapper.application; includeInIndex = 0; path = KidsFly.app; sourceTree = BUILT_PRODUCTS_DIR; };
		E60B164B2408AFCA002193AD /* AppDelegate.swift */ = {isa = PBXFileReference; lastKnownFileType = sourcecode.swift; path = AppDelegate.swift; sourceTree = "<group>"; };
		E60B164D2408AFCA002193AD /* SceneDelegate.swift */ = {isa = PBXFileReference; lastKnownFileType = sourcecode.swift; path = SceneDelegate.swift; sourceTree = "<group>"; };
		E60B164F2408AFCA002193AD /* HomeViewController.swift */ = {isa = PBXFileReference; lastKnownFileType = sourcecode.swift; path = HomeViewController.swift; sourceTree = "<group>"; };
		E60B16522408AFCA002193AD /* Base */ = {isa = PBXFileReference; lastKnownFileType = file.storyboard; name = Base; path = Base.lproj/Main.storyboard; sourceTree = "<group>"; };
		E60B16542408AFCB002193AD /* Assets.xcassets */ = {isa = PBXFileReference; lastKnownFileType = folder.assetcatalog; path = Assets.xcassets; sourceTree = "<group>"; };
		E60B16572408AFCB002193AD /* Base */ = {isa = PBXFileReference; lastKnownFileType = file.storyboard; name = Base; path = Base.lproj/LaunchScreen.storyboard; sourceTree = "<group>"; };
		E60B16592408AFCB002193AD /* Info.plist */ = {isa = PBXFileReference; lastKnownFileType = text.plist.xml; path = Info.plist; sourceTree = "<group>"; };
		E60B16652408B18E002193AD /* Utilities.swift */ = {isa = PBXFileReference; lastKnownFileType = sourcecode.swift; path = Utilities.swift; sourceTree = "<group>"; };
		E60B16672408B1AA002193AD /* NetworkDataLoader.swift */ = {isa = PBXFileReference; lastKnownFileType = sourcecode.swift; path = NetworkDataLoader.swift; sourceTree = "<group>"; };
		E60B16692408B1C6002193AD /* KFErrorMessage.swift */ = {isa = PBXFileReference; lastKnownFileType = sourcecode.swift; path = KFErrorMessage.swift; sourceTree = "<group>"; };
		E60B166C2408B4AA002193AD /* KFAlertVC.swift */ = {isa = PBXFileReference; lastKnownFileType = sourcecode.swift; path = KFAlertVC.swift; sourceTree = "<group>"; };
		E60B166E2408B4B9002193AD /* KFButton.swift */ = {isa = PBXFileReference; lastKnownFileType = sourcecode.swift; path = KFButton.swift; sourceTree = "<group>"; };
		E60B16702408B4C9002193AD /* KFTitleLabel.swift */ = {isa = PBXFileReference; lastKnownFileType = sourcecode.swift; path = KFTitleLabel.swift; sourceTree = "<group>"; };
		E60B16722408B4DC002193AD /* KFBodyLabel.swift */ = {isa = PBXFileReference; lastKnownFileType = sourcecode.swift; path = KFBodyLabel.swift; sourceTree = "<group>"; };
		E60B16742408B5EC002193AD /* APIController.swift */ = {isa = PBXFileReference; lastKnownFileType = sourcecode.swift; path = APIController.swift; sourceTree = "<group>"; };
		E60B16772408B6D1002193AD /* UIViewControllerExtention.swift */ = {isa = PBXFileReference; lastKnownFileType = sourcecode.swift; path = UIViewControllerExtention.swift; sourceTree = "<group>"; };
		E60B167B2408C190002193AD /* SignUpViewController.swift */ = {isa = PBXFileReference; lastKnownFileType = sourcecode.swift; path = SignUpViewController.swift; sourceTree = "<group>"; };
		E60B167D2408C1B0002193AD /* SignInViewController.swift */ = {isa = PBXFileReference; lastKnownFileType = sourcecode.swift; path = SignInViewController.swift; sourceTree = "<group>"; };
		E678B7EF240E009800C43394 /* UIImage+Gif.swift */ = {isa = PBXFileReference; lastKnownFileType = sourcecode.swift; path = "UIImage+Gif.swift"; sourceTree = "<group>"; };
		E678B7F1240E023000C43394 /* giphy.gif */ = {isa = PBXFileReference; lastKnownFileType = image.gif; path = giphy.gif; sourceTree = "<group>"; };
		E678B7F3240E072300C43394 /* PrivateKidsFlyViewController.swift */ = {isa = PBXFileReference; lastKnownFileType = sourcecode.swift; path = PrivateKidsFlyViewController.swift; sourceTree = "<group>"; };
		E6B1A9032410528700EC3BDD /* QuickCheckInViewController.swift */ = {isa = PBXFileReference; lastKnownFileType = sourcecode.swift; path = QuickCheckInViewController.swift; sourceTree = "<group>"; };
/* End PBXFileReference section */

/* Begin PBXFrameworksBuildPhase section */
		9282E61D240A058900FCC978 /* Frameworks */ = {
			isa = PBXFrameworksBuildPhase;
			buildActionMask = 2147483647;
			files = (
			);
			runOnlyForDeploymentPostprocessing = 0;
		};
		E60B16452408AFCA002193AD /* Frameworks */ = {
			isa = PBXFrameworksBuildPhase;
			buildActionMask = 2147483647;
			files = (
				D65ABFE41958DFB15C2D1E0F /* Pods_KidsFly.framework in Frameworks */,
			);
			runOnlyForDeploymentPostprocessing = 0;
		};
/* End PBXFrameworksBuildPhase section */

/* Begin PBXGroup section */
		1D08F98D11D9CAC8564668B9 /* Pods */ = {
			isa = PBXGroup;
			children = (
				A57DBEF0962E3C76FDCA991F /* Pods-KidsFly.debug.xcconfig */,
				8A548DB826006A11BFA8B2AB /* Pods-KidsFly.release.xcconfig */,
			);
			path = Pods;
			sourceTree = "<group>";
		};
		90A85D436D5BFCF9184FC8B7 /* Frameworks */ = {
			isa = PBXGroup;
			children = (
				447F16C060742B2B03488C8B /* Pods_KidsFly.framework */,
			);
			name = Frameworks;
			sourceTree = "<group>";
		};
		9282E621240A058900FCC978 /* KidsFlyUnitTest */ = {
			isa = PBXGroup;
			children = (
				9282E622240A058900FCC978 /* KidsFlyUnitTest.swift */,
				9282E624240A058900FCC978 /* Info.plist */,
			);
			path = KidsFlyUnitTest;
			sourceTree = "<group>";
		};
		B78BC009240F17760080E765 /* CoreData */ = {
			isa = PBXGroup;
			children = (
				B78BC00A240F178D0080E765 /* CoreDataStack.swift */,
				B78BC00F240F1E070080E765 /* Parent+Convenience.swift */,
				B78BC013240F21E70080E765 /* ParentRepresentation.swift */,
				B78BC011240F1E2B0080E765 /* Connection+Convenience.swift */,
				B78BC015240F23370080E765 /* ConnectionRepresentation.swift */,
				B78BC00C240F17A80080E765 /* KidsFly.xcdatamodeld */,
				51FEA0842410A91400DDC0E4 /* User+Convenience.swift */,
				51FEA0862410AA7800DDC0E4 /* Trip+Convenience.swift */,
				51FEA0882410ACDE00DDC0E4 /* UserRepresentation.swift */,
				51FEA08A2410B5A200DDC0E4 /* TripRepresentation.swift */,
			);
			path = CoreData;
			sourceTree = "<group>";
		};
		E60B163F2408AFCA002193AD = {
			isa = PBXGroup;
			children = (
				E60B164A2408AFCA002193AD /* KidsFly */,
				9282E621240A058900FCC978 /* KidsFlyUnitTest */,
				E60B16492408AFCA002193AD /* Products */,
				1D08F98D11D9CAC8564668B9 /* Pods */,
				90A85D436D5BFCF9184FC8B7 /* Frameworks */,
			);
			sourceTree = "<group>";
		};
		E60B16492408AFCA002193AD /* Products */ = {
			isa = PBXGroup;
			children = (
				E60B16482408AFCA002193AD /* KidsFly.app */,
				9282E620240A058900FCC978 /* KidsFlyUnitTest.xctest */,
			);
			name = Products;
			sourceTree = "<group>";
		};
		E60B164A2408AFCA002193AD /* KidsFly */ = {
			isa = PBXGroup;
			children = (
				B78BC009240F17760080E765 /* CoreData */,
				E60B165F2408B04E002193AD /* Model */,
				E60B16762408B690002193AD /* Extentions */,
				E60B16602408B055002193AD /* Model Controllers */,
				E60B16612408B068002193AD /* View Controllers */,
				E60B16642408B177002193AD /* Helper */,
				E60B166B2408B47D002193AD /* CustomViews */,
				E60B16622408B072002193AD /* Storyboards */,
				E60B16632408B07E002193AD /* Resources */,
				E60B16592408AFCB002193AD /* Info.plist */,
			);
			path = KidsFly;
			sourceTree = "<group>";
		};
		E60B165F2408B04E002193AD /* Model */ = {
			isa = PBXGroup;
			children = (
				9282E62A240A1A0300FCC978 /* Bearer.swift */,
				9282E62C240B127C00FCC978 /* NetworkError.swift */,
				9282E62E240B129F00FCC978 /* HTTPMethod.swift */,
				9243C180240CBE5400EC3D10 /* AirportAPIResponse.swift */,
			);
			path = Model;
			sourceTree = "<group>";
		};
		E60B16602408B055002193AD /* Model Controllers */ = {
			isa = PBXGroup;
			children = (
				E60B16742408B5EC002193AD /* APIController.swift */,
				9282E61A2408C58100FCC978 /* TravelerController.swift */,
				9243C17E240CACE400EC3D10 /* FlightController.swift */,
				92D588FB240F5AFA003E69A9 /* TripController.swift */,
			);
			path = "Model Controllers";
			sourceTree = "<group>";
		};
		E60B16612408B068002193AD /* View Controllers */ = {
			isa = PBXGroup;
			children = (
				E60B164F2408AFCA002193AD /* HomeViewController.swift */,
				E60B167B2408C190002193AD /* SignUpViewController.swift */,
				E60B167D2408C1B0002193AD /* SignInViewController.swift */,
				E678B7F3240E072300C43394 /* PrivateKidsFlyViewController.swift */,
				E6B1A9032410528700EC3BDD /* QuickCheckInViewController.swift */,
			);
			path = "View Controllers";
			sourceTree = "<group>";
		};
		E60B16622408B072002193AD /* Storyboards */ = {
			isa = PBXGroup;
			children = (
				E60B16512408AFCA002193AD /* Main.storyboard */,
				E60B16562408AFCB002193AD /* LaunchScreen.storyboard */,
			);
			path = Storyboards;
			sourceTree = "<group>";
		};
		E60B16632408B07E002193AD /* Resources */ = {
			isa = PBXGroup;
			children = (
				E678B7F1240E023000C43394 /* giphy.gif */,
				E60B164B2408AFCA002193AD /* AppDelegate.swift */,
				E60B164D2408AFCA002193AD /* SceneDelegate.swift */,
				E60B16542408AFCB002193AD /* Assets.xcassets */,
			);
			path = Resources;
			sourceTree = "<group>";
		};
		E60B16642408B177002193AD /* Helper */ = {
			isa = PBXGroup;
			children = (
				E60B16652408B18E002193AD /* Utilities.swift */,
				E60B16672408B1AA002193AD /* NetworkDataLoader.swift */,
				E60B16692408B1C6002193AD /* KFErrorMessage.swift */,
			);
			path = Helper;
			sourceTree = "<group>";
		};
		E60B166B2408B47D002193AD /* CustomViews */ = {
			isa = PBXGroup;
			children = (
				E60B166C2408B4AA002193AD /* KFAlertVC.swift */,
				E60B166E2408B4B9002193AD /* KFButton.swift */,
				E60B16702408B4C9002193AD /* KFTitleLabel.swift */,
				E60B16722408B4DC002193AD /* KFBodyLabel.swift */,
				E678B7EF240E009800C43394 /* UIImage+Gif.swift */,
			);
			path = CustomViews;
			sourceTree = "<group>";
		};
		E60B16762408B690002193AD /* Extentions */ = {
			isa = PBXGroup;
			children = (
				E60B16772408B6D1002193AD /* UIViewControllerExtention.swift */,
			);
			path = Extentions;
			sourceTree = "<group>";
		};
/* End PBXGroup section */

/* Begin PBXNativeTarget section */
		9282E61F240A058900FCC978 /* KidsFlyUnitTest */ = {
			isa = PBXNativeTarget;
			buildConfigurationList = 9282E629240A058900FCC978 /* Build configuration list for PBXNativeTarget "KidsFlyUnitTest" */;
			buildPhases = (
				9282E61C240A058900FCC978 /* Sources */,
				9282E61D240A058900FCC978 /* Frameworks */,
				9282E61E240A058900FCC978 /* Resources */,
			);
			buildRules = (
			);
			dependencies = (
				9282E626240A058900FCC978 /* PBXTargetDependency */,
			);
			name = KidsFlyUnitTest;
			productName = KidsFlyUnitTest;
			productReference = 9282E620240A058900FCC978 /* KidsFlyUnitTest.xctest */;
			productType = "com.apple.product-type.bundle.unit-test";
		};
		E60B16472408AFCA002193AD /* KidsFly */ = {
			isa = PBXNativeTarget;
			buildConfigurationList = E60B165C2408AFCB002193AD /* Build configuration list for PBXNativeTarget "KidsFly" */;
			buildPhases = (
				000E776D54FC75A20A643ED6 /* [CP] Check Pods Manifest.lock */,
				E60B16442408AFCA002193AD /* Sources */,
				E60B16452408AFCA002193AD /* Frameworks */,
				E60B16462408AFCA002193AD /* Resources */,
				2FB8D137DF2A2576D0A62DD3 /* [CP] Embed Pods Frameworks */,
			);
			buildRules = (
			);
			dependencies = (
			);
			name = KidsFly;
			productName = KidsFly;
			productReference = E60B16482408AFCA002193AD /* KidsFly.app */;
			productType = "com.apple.product-type.application";
		};
/* End PBXNativeTarget section */

/* Begin PBXProject section */
		E60B16402408AFCA002193AD /* Project object */ = {
			isa = PBXProject;
			attributes = {
				LastSwiftUpdateCheck = 1130;
				LastUpgradeCheck = 1130;
				ORGANIZATIONNAME = "Enayatullah Naseri";
				TargetAttributes = {
					9282E61F240A058900FCC978 = {
						CreatedOnToolsVersion = 11.3.1;
						TestTargetID = E60B16472408AFCA002193AD;
					};
					E60B16472408AFCA002193AD = {
						CreatedOnToolsVersion = 11.3.1;
					};
				};
			};
			buildConfigurationList = E60B16432408AFCA002193AD /* Build configuration list for PBXProject "KidsFly" */;
			compatibilityVersion = "Xcode 9.3";
			developmentRegion = en;
			hasScannedForEncodings = 0;
			knownRegions = (
				en,
				Base,
			);
			mainGroup = E60B163F2408AFCA002193AD;
			productRefGroup = E60B16492408AFCA002193AD /* Products */;
			projectDirPath = "";
			projectRoot = "";
			targets = (
				E60B16472408AFCA002193AD /* KidsFly */,
				9282E61F240A058900FCC978 /* KidsFlyUnitTest */,
			);
		};
/* End PBXProject section */

/* Begin PBXResourcesBuildPhase section */
		9282E61E240A058900FCC978 /* Resources */ = {
			isa = PBXResourcesBuildPhase;
			buildActionMask = 2147483647;
			files = (
			);
			runOnlyForDeploymentPostprocessing = 0;
		};
		E60B16462408AFCA002193AD /* Resources */ = {
			isa = PBXResourcesBuildPhase;
			buildActionMask = 2147483647;
			files = (
				E60B16582408AFCB002193AD /* LaunchScreen.storyboard in Resources */,
				E60B16552408AFCB002193AD /* Assets.xcassets in Resources */,
				E678B7F2240E023000C43394 /* giphy.gif in Resources */,
				E60B16532408AFCA002193AD /* Main.storyboard in Resources */,
			);
			runOnlyForDeploymentPostprocessing = 0;
		};
/* End PBXResourcesBuildPhase section */

/* Begin PBXShellScriptBuildPhase section */
		000E776D54FC75A20A643ED6 /* [CP] Check Pods Manifest.lock */ = {
			isa = PBXShellScriptBuildPhase;
			buildActionMask = 2147483647;
			files = (
			);
			inputFileListPaths = (
			);
			inputPaths = (
				"${PODS_PODFILE_DIR_PATH}/Podfile.lock",
				"${PODS_ROOT}/Manifest.lock",
			);
			name = "[CP] Check Pods Manifest.lock";
			outputFileListPaths = (
			);
			outputPaths = (
				"$(DERIVED_FILE_DIR)/Pods-KidsFly-checkManifestLockResult.txt",
			);
			runOnlyForDeploymentPostprocessing = 0;
			shellPath = /bin/sh;
			shellScript = "diff \"${PODS_PODFILE_DIR_PATH}/Podfile.lock\" \"${PODS_ROOT}/Manifest.lock\" > /dev/null\nif [ $? != 0 ] ; then\n    # print error to STDERR\n    echo \"error: The sandbox is not in sync with the Podfile.lock. Run 'pod install' or update your CocoaPods installation.\" >&2\n    exit 1\nfi\n# This output is used by Xcode 'outputs' to avoid re-running this script phase.\necho \"SUCCESS\" > \"${SCRIPT_OUTPUT_FILE_0}\"\n";
			showEnvVarsInLog = 0;
		};
		2FB8D137DF2A2576D0A62DD3 /* [CP] Embed Pods Frameworks */ = {
			isa = PBXShellScriptBuildPhase;
			buildActionMask = 2147483647;
			files = (
			);
			inputFileListPaths = (
				"${PODS_ROOT}/Target Support Files/Pods-KidsFly/Pods-KidsFly-frameworks-${CONFIGURATION}-input-files.xcfilelist",
			);
			name = "[CP] Embed Pods Frameworks";
			outputFileListPaths = (
				"${PODS_ROOT}/Target Support Files/Pods-KidsFly/Pods-KidsFly-frameworks-${CONFIGURATION}-output-files.xcfilelist",
			);
			runOnlyForDeploymentPostprocessing = 0;
			shellPath = /bin/sh;
			shellScript = "\"${PODS_ROOT}/Target Support Files/Pods-KidsFly/Pods-KidsFly-frameworks.sh\"\n";
			showEnvVarsInLog = 0;
		};
/* End PBXShellScriptBuildPhase section */

/* Begin PBXSourcesBuildPhase section */
		9282E61C240A058900FCC978 /* Sources */ = {
			isa = PBXSourcesBuildPhase;
			buildActionMask = 2147483647;
			files = (
				9282E623240A058900FCC978 /* KidsFlyUnitTest.swift in Sources */,
			);
			runOnlyForDeploymentPostprocessing = 0;
		};
		E60B16442408AFCA002193AD /* Sources */ = {
			isa = PBXSourcesBuildPhase;
			buildActionMask = 2147483647;
			files = (
				51FEA08B2410B5A200DDC0E4 /* TripRepresentation.swift in Sources */,
				9282E62D240B127C00FCC978 /* NetworkError.swift in Sources */,
				E60B167E2408C1B0002193AD /* SignInViewController.swift in Sources */,
				B78BC014240F21E70080E765 /* ParentRepresentation.swift in Sources */,
				B78BC00E240F17A80080E765 /* KidsFly.xcdatamodeld in Sources */,
				9243C17F240CACE400EC3D10 /* FlightController.swift in Sources */,
				51FEA0892410ACDE00DDC0E4 /* UserRepresentation.swift in Sources */,
				E60B16752408B5EC002193AD /* APIController.swift in Sources */,
				51FEA0872410AA7800DDC0E4 /* Trip+Convenience.swift in Sources */,
				B78BC010240F1E070080E765 /* Parent+Convenience.swift in Sources */,
				E60B16682408B1AA002193AD /* NetworkDataLoader.swift in Sources */,
				E60B16502408AFCA002193AD /* HomeViewController.swift in Sources */,
				E60B166A2408B1C6002193AD /* KFErrorMessage.swift in Sources */,
				B78BC016240F23370080E765 /* ConnectionRepresentation.swift in Sources */,
				E60B166F2408B4B9002193AD /* KFButton.swift in Sources */,
				E60B16782408B6D1002193AD /* UIViewControllerExtention.swift in Sources */,
				E60B164C2408AFCA002193AD /* AppDelegate.swift in Sources */,
				51FEA0852410A91400DDC0E4 /* User+Convenience.swift in Sources */,
				9282E62B240A1A0300FCC978 /* Bearer.swift in Sources */,
				E60B166D2408B4AA002193AD /* KFAlertVC.swift in Sources */,
				E60B16712408B4C9002193AD /* KFTitleLabel.swift in Sources */,
				E60B16662408B18E002193AD /* Utilities.swift in Sources */,
				92D588FC240F5AFA003E69A9 /* TripController.swift in Sources */,
				B78BC012240F1E2B0080E765 /* Connection+Convenience.swift in Sources */,
				9243C181240CBE5400EC3D10 /* AirportAPIResponse.swift in Sources */,
				B78BC00B240F178D0080E765 /* CoreDataStack.swift in Sources */,
				E60B16732408B4DC002193AD /* KFBodyLabel.swift in Sources */,
				E6B1A9042410528700EC3BDD /* QuickCheckInViewController.swift in Sources */,
				9282E62F240B129F00FCC978 /* HTTPMethod.swift in Sources */,
				E60B167C2408C190002193AD /* SignUpViewController.swift in Sources */,
				9282E61B2408C58100FCC978 /* TravelerController.swift in Sources */,
				E60B164E2408AFCA002193AD /* SceneDelegate.swift in Sources */,
				E678B7F4240E072300C43394 /* PrivateKidsFlyViewController.swift in Sources */,
				E678B7F0240E009800C43394 /* UIImage+Gif.swift in Sources */,
			);
			runOnlyForDeploymentPostprocessing = 0;
		};
/* End PBXSourcesBuildPhase section */

/* Begin PBXTargetDependency section */
		9282E626240A058900FCC978 /* PBXTargetDependency */ = {
			isa = PBXTargetDependency;
			target = E60B16472408AFCA002193AD /* KidsFly */;
			targetProxy = 9282E625240A058900FCC978 /* PBXContainerItemProxy */;
		};
/* End PBXTargetDependency section */

/* Begin PBXVariantGroup section */
		E60B16512408AFCA002193AD /* Main.storyboard */ = {
			isa = PBXVariantGroup;
			children = (
				E60B16522408AFCA002193AD /* Base */,
			);
			name = Main.storyboard;
			sourceTree = "<group>";
		};
		E60B16562408AFCB002193AD /* LaunchScreen.storyboard */ = {
			isa = PBXVariantGroup;
			children = (
				E60B16572408AFCB002193AD /* Base */,
			);
			name = LaunchScreen.storyboard;
			sourceTree = "<group>";
		};
/* End PBXVariantGroup section */

/* Begin XCBuildConfiguration section */
		9282E627240A058900FCC978 /* Debug */ = {
			isa = XCBuildConfiguration;
			buildSettings = {
				BUNDLE_LOADER = "$(TEST_HOST)";
				CODE_SIGN_STYLE = Automatic;
				DEVELOPMENT_TEAM = B22A9UYX67;
				INFOPLIST_FILE = KidsFlyUnitTest/Info.plist;
				LD_RUNPATH_SEARCH_PATHS = (
					"$(inherited)",
					"@executable_path/Frameworks",
					"@loader_path/Frameworks",
				);
				PRODUCT_BUNDLE_IDENTIFIER = com.lambda.iospt2.KidsFlyUnitTest;
				PRODUCT_NAME = "$(TARGET_NAME)";
				SWIFT_VERSION = 5.0;
				TARGETED_DEVICE_FAMILY = "1,2";
				TEST_HOST = "$(BUILT_PRODUCTS_DIR)/KidsFly.app/KidsFly";
			};
			name = Debug;
		};
		9282E628240A058900FCC978 /* Release */ = {
			isa = XCBuildConfiguration;
			buildSettings = {
				BUNDLE_LOADER = "$(TEST_HOST)";
				CODE_SIGN_STYLE = Automatic;
				DEVELOPMENT_TEAM = B22A9UYX67;
				INFOPLIST_FILE = KidsFlyUnitTest/Info.plist;
				LD_RUNPATH_SEARCH_PATHS = (
					"$(inherited)",
					"@executable_path/Frameworks",
					"@loader_path/Frameworks",
				);
				PRODUCT_BUNDLE_IDENTIFIER = com.lambda.iospt2.KidsFlyUnitTest;
				PRODUCT_NAME = "$(TARGET_NAME)";
				SWIFT_VERSION = 5.0;
				TARGETED_DEVICE_FAMILY = "1,2";
				TEST_HOST = "$(BUILT_PRODUCTS_DIR)/KidsFly.app/KidsFly";
			};
			name = Release;
		};
		E60B165A2408AFCB002193AD /* Debug */ = {
			isa = XCBuildConfiguration;
			buildSettings = {
				ALWAYS_SEARCH_USER_PATHS = NO;
				CLANG_ANALYZER_NONNULL = YES;
				CLANG_ANALYZER_NUMBER_OBJECT_CONVERSION = YES_AGGRESSIVE;
				CLANG_CXX_LANGUAGE_STANDARD = "gnu++14";
				CLANG_CXX_LIBRARY = "libc++";
				CLANG_ENABLE_MODULES = YES;
				CLANG_ENABLE_OBJC_ARC = YES;
				CLANG_ENABLE_OBJC_WEAK = YES;
				CLANG_WARN_BLOCK_CAPTURE_AUTORELEASING = YES;
				CLANG_WARN_BOOL_CONVERSION = YES;
				CLANG_WARN_COMMA = YES;
				CLANG_WARN_CONSTANT_CONVERSION = YES;
				CLANG_WARN_DEPRECATED_OBJC_IMPLEMENTATIONS = YES;
				CLANG_WARN_DIRECT_OBJC_ISA_USAGE = YES_ERROR;
				CLANG_WARN_DOCUMENTATION_COMMENTS = YES;
				CLANG_WARN_EMPTY_BODY = YES;
				CLANG_WARN_ENUM_CONVERSION = YES;
				CLANG_WARN_INFINITE_RECURSION = YES;
				CLANG_WARN_INT_CONVERSION = YES;
				CLANG_WARN_NON_LITERAL_NULL_CONVERSION = YES;
				CLANG_WARN_OBJC_IMPLICIT_RETAIN_SELF = YES;
				CLANG_WARN_OBJC_LITERAL_CONVERSION = YES;
				CLANG_WARN_OBJC_ROOT_CLASS = YES_ERROR;
				CLANG_WARN_RANGE_LOOP_ANALYSIS = YES;
				CLANG_WARN_STRICT_PROTOTYPES = YES;
				CLANG_WARN_SUSPICIOUS_MOVE = YES;
				CLANG_WARN_UNGUARDED_AVAILABILITY = YES_AGGRESSIVE;
				CLANG_WARN_UNREACHABLE_CODE = YES;
				CLANG_WARN__DUPLICATE_METHOD_MATCH = YES;
				COPY_PHASE_STRIP = NO;
				DEBUG_INFORMATION_FORMAT = dwarf;
				ENABLE_STRICT_OBJC_MSGSEND = YES;
				ENABLE_TESTABILITY = YES;
				GCC_C_LANGUAGE_STANDARD = gnu11;
				GCC_DYNAMIC_NO_PIC = NO;
				GCC_NO_COMMON_BLOCKS = YES;
				GCC_OPTIMIZATION_LEVEL = 0;
				GCC_PREPROCESSOR_DEFINITIONS = (
					"DEBUG=1",
					"$(inherited)",
				);
				GCC_WARN_64_TO_32_BIT_CONVERSION = YES;
				GCC_WARN_ABOUT_RETURN_TYPE = YES_ERROR;
				GCC_WARN_UNDECLARED_SELECTOR = YES;
				GCC_WARN_UNINITIALIZED_AUTOS = YES_AGGRESSIVE;
				GCC_WARN_UNUSED_FUNCTION = YES;
				GCC_WARN_UNUSED_VARIABLE = YES;
				IPHONEOS_DEPLOYMENT_TARGET = 13.2;
				MTL_ENABLE_DEBUG_INFO = INCLUDE_SOURCE;
				MTL_FAST_MATH = YES;
				ONLY_ACTIVE_ARCH = YES;
				SDKROOT = iphoneos;
				SWIFT_ACTIVE_COMPILATION_CONDITIONS = DEBUG;
				SWIFT_OPTIMIZATION_LEVEL = "-Onone";
			};
			name = Debug;
		};
		E60B165B2408AFCB002193AD /* Release */ = {
			isa = XCBuildConfiguration;
			buildSettings = {
				ALWAYS_SEARCH_USER_PATHS = NO;
				CLANG_ANALYZER_NONNULL = YES;
				CLANG_ANALYZER_NUMBER_OBJECT_CONVERSION = YES_AGGRESSIVE;
				CLANG_CXX_LANGUAGE_STANDARD = "gnu++14";
				CLANG_CXX_LIBRARY = "libc++";
				CLANG_ENABLE_MODULES = YES;
				CLANG_ENABLE_OBJC_ARC = YES;
				CLANG_ENABLE_OBJC_WEAK = YES;
				CLANG_WARN_BLOCK_CAPTURE_AUTORELEASING = YES;
				CLANG_WARN_BOOL_CONVERSION = YES;
				CLANG_WARN_COMMA = YES;
				CLANG_WARN_CONSTANT_CONVERSION = YES;
				CLANG_WARN_DEPRECATED_OBJC_IMPLEMENTATIONS = YES;
				CLANG_WARN_DIRECT_OBJC_ISA_USAGE = YES_ERROR;
				CLANG_WARN_DOCUMENTATION_COMMENTS = YES;
				CLANG_WARN_EMPTY_BODY = YES;
				CLANG_WARN_ENUM_CONVERSION = YES;
				CLANG_WARN_INFINITE_RECURSION = YES;
				CLANG_WARN_INT_CONVERSION = YES;
				CLANG_WARN_NON_LITERAL_NULL_CONVERSION = YES;
				CLANG_WARN_OBJC_IMPLICIT_RETAIN_SELF = YES;
				CLANG_WARN_OBJC_LITERAL_CONVERSION = YES;
				CLANG_WARN_OBJC_ROOT_CLASS = YES_ERROR;
				CLANG_WARN_RANGE_LOOP_ANALYSIS = YES;
				CLANG_WARN_STRICT_PROTOTYPES = YES;
				CLANG_WARN_SUSPICIOUS_MOVE = YES;
				CLANG_WARN_UNGUARDED_AVAILABILITY = YES_AGGRESSIVE;
				CLANG_WARN_UNREACHABLE_CODE = YES;
				CLANG_WARN__DUPLICATE_METHOD_MATCH = YES;
				COPY_PHASE_STRIP = NO;
				DEBUG_INFORMATION_FORMAT = "dwarf-with-dsym";
				ENABLE_NS_ASSERTIONS = NO;
				ENABLE_STRICT_OBJC_MSGSEND = YES;
				GCC_C_LANGUAGE_STANDARD = gnu11;
				GCC_NO_COMMON_BLOCKS = YES;
				GCC_WARN_64_TO_32_BIT_CONVERSION = YES;
				GCC_WARN_ABOUT_RETURN_TYPE = YES_ERROR;
				GCC_WARN_UNDECLARED_SELECTOR = YES;
				GCC_WARN_UNINITIALIZED_AUTOS = YES_AGGRESSIVE;
				GCC_WARN_UNUSED_FUNCTION = YES;
				GCC_WARN_UNUSED_VARIABLE = YES;
				IPHONEOS_DEPLOYMENT_TARGET = 13.2;
				MTL_ENABLE_DEBUG_INFO = NO;
				MTL_FAST_MATH = YES;
				SDKROOT = iphoneos;
				SWIFT_COMPILATION_MODE = wholemodule;
				SWIFT_OPTIMIZATION_LEVEL = "-O";
				VALIDATE_PRODUCT = YES;
			};
			name = Release;
		};
		E60B165D2408AFCB002193AD /* Debug */ = {
			isa = XCBuildConfiguration;
			baseConfigurationReference = A57DBEF0962E3C76FDCA991F /* Pods-KidsFly.debug.xcconfig */;
			buildSettings = {
				ASSETCATALOG_COMPILER_APPICON_NAME = AppIcon;
				CODE_SIGN_STYLE = Automatic;
				INFOPLIST_FILE = KidsFly/Info.plist;
				LD_RUNPATH_SEARCH_PATHS = (
					"$(inherited)",
					"@executable_path/Frameworks",
				);
				PRODUCT_BUNDLE_IDENTIFIER = enayatullah.KidsFly;
				PRODUCT_NAME = "$(TARGET_NAME)";
				SWIFT_VERSION = 5.0;
				TARGETED_DEVICE_FAMILY = "1,2";
			};
			name = Debug;
		};
		E60B165E2408AFCB002193AD /* Release */ = {
			isa = XCBuildConfiguration;
			baseConfigurationReference = 8A548DB826006A11BFA8B2AB /* Pods-KidsFly.release.xcconfig */;
			buildSettings = {
				ASSETCATALOG_COMPILER_APPICON_NAME = AppIcon;
				CODE_SIGN_STYLE = Automatic;
				INFOPLIST_FILE = KidsFly/Info.plist;
				LD_RUNPATH_SEARCH_PATHS = (
					"$(inherited)",
					"@executable_path/Frameworks",
				);
				PRODUCT_BUNDLE_IDENTIFIER = enayatullah.KidsFly;
				PRODUCT_NAME = "$(TARGET_NAME)";
				SWIFT_VERSION = 5.0;
				TARGETED_DEVICE_FAMILY = "1,2";
			};
			name = Release;
		};
/* End XCBuildConfiguration section */

/* Begin XCConfigurationList section */
		9282E629240A058900FCC978 /* Build configuration list for PBXNativeTarget "KidsFlyUnitTest" */ = {
			isa = XCConfigurationList;
			buildConfigurations = (
				9282E627240A058900FCC978 /* Debug */,
				9282E628240A058900FCC978 /* Release */,
			);
			defaultConfigurationIsVisible = 0;
			defaultConfigurationName = Release;
		};
		E60B16432408AFCA002193AD /* Build configuration list for PBXProject "KidsFly" */ = {
			isa = XCConfigurationList;
			buildConfigurations = (
				E60B165A2408AFCB002193AD /* Debug */,
				E60B165B2408AFCB002193AD /* Release */,
			);
			defaultConfigurationIsVisible = 0;
			defaultConfigurationName = Release;
		};
		E60B165C2408AFCB002193AD /* Build configuration list for PBXNativeTarget "KidsFly" */ = {
			isa = XCConfigurationList;
			buildConfigurations = (
				E60B165D2408AFCB002193AD /* Debug */,
				E60B165E2408AFCB002193AD /* Release */,
			);
			defaultConfigurationIsVisible = 0;
			defaultConfigurationName = Release;
		};
/* End XCConfigurationList section */

/* Begin XCVersionGroup section */
		B78BC00C240F17A80080E765 /* KidsFly.xcdatamodeld */ = {
			isa = XCVersionGroup;
			children = (
				B78BC00D240F17A80080E765 /* KidsFly.xcdatamodel */,
			);
			currentVersion = B78BC00D240F17A80080E765 /* KidsFly.xcdatamodel */;
			path = KidsFly.xcdatamodeld;
			sourceTree = "<group>";
			versionGroupType = wrapper.xcdatamodel;
		};
/* End XCVersionGroup section */
	};
	rootObject = E60B16402408AFCA002193AD /* Project object */;
}
